
Microsoft Visual Studio Solution File, Format Version 12.00
# Visual Studio Version 16
VisualStudioVersion = 25.0.1706.2
MinimumVisualStudioVersion = 10.0.40219.1
Project("{FAE04EC0-301F-11D3-BF4B-00C04F79EFBC}") = "Task3_3P", "Task3_3P.csproj", "{D239E270-5EBD-457D-92E2-885D86E86A6B}"
EndProject
Global
	GlobalSection(SolutionConfigurationPlatforms) = preSolution
		Debug|Any CPU = Debug|Any CPU
		Release|Any CPU = Release|Any CPU
	EndGlobalSection
	GlobalSection(ProjectConfigurationPlatforms) = postSolution
		{D239E270-5EBD-457D-92E2-885D86E86A6B}.Debug|Any CPU.ActiveCfg = Debug|Any CPU
		{D239E270-5EBD-457D-92E2-885D86E86A6B}.Debug|Any CPU.Build.0 = Debug|Any CPU
		{D239E270-5EBD-457D-92E2-885D86E86A6B}.Release|Any CPU.ActiveCfg = Release|Any CPU
		{D239E270-5EBD-457D-92E2-885D86E86A6B}.Release|Any CPU.Build.0 = Release|Any CPU
	EndGlobalSection
	GlobalSection(SolutionProperties) = preSolution
		HideSolutionNode = FALSE
	EndGlobalSection
	GlobalSection(ExtensibilityGlobals) = postSolution
		SolutionGuid = {15EFEF98-A6CC-4E34-8ACA-190457EC6B4A}
	EndGlobalSection
EndGlobal
